
Microsoft Visual Studio Solution File, Format Version 11.00
# Visual Studio 2010
Project("{FAE04EC0-301F-11D3-BF4B-00C04F79EFBC}") = "GoogleMobileAds", "GoogleMobileAds.csproj", "{8db080b4-fa07-f952-6111-e2e0bac28d24}"
EndProject
Project("{FAE04EC0-301F-11D3-BF4B-00C04F79EFBC}") = "Coffee.SoftMaskForUGUI", "Coffee.SoftMaskForUGUI.csproj", "{50dc91db-4456-9ea6-ddf9-260413b7e3ac}"
EndProject
Project("{FAE04EC0-301F-11D3-BF4B-00C04F79EFBC}") = "Assembly-CSharp", "Assembly-CSharp.csproj", "{7c62a67d-7570-98de-ef78-40b02e994a10}"
EndProject
Project("{FAE04EC0-301F-11D3-BF4B-00C04F79EFBC}") = "Coffee.SoftMaskForUGUI.Editor", "Coffee.SoftMaskForUGUI.Editor.csproj", "{dd22fc67-2bf0-1445-9f74-1bf35c110e50}"
EndProject
Project("{FAE04EC0-301F-11D3-BF4B-00C04F79EFBC}") = "GoogleMobileAds.Editor", "GoogleMobileAds.Editor.csproj", "{db037824-14be-9921-36f7-b94b93fdef09}"
EndProject
Global
	GlobalSection(SolutionConfigurationPlatforms) = preSolution
		Debug|Any CPU = Debug|Any CPU
	EndGlobalSection
	GlobalSection(ProjectConfigurationPlatforms) = postSolution
		{8db080b4-fa07-f952-6111-e2e0bac28d24}.Debug|Any CPU.ActiveCfg = Debug|Any CPU
		{8db080b4-fa07-f952-6111-e2e0bac28d24}.Debug|Any CPU.Build.0 = Debug|Any CPU
		{50dc91db-4456-9ea6-ddf9-260413b7e3ac}.Debug|Any CPU.ActiveCfg = Debug|Any CPU
		{50dc91db-4456-9ea6-ddf9-260413b7e3ac}.Debug|Any CPU.Build.0 = Debug|Any CPU
		{7c62a67d-7570-98de-ef78-40b02e994a10}.Debug|Any CPU.ActiveCfg = Debug|Any CPU
		{7c62a67d-7570-98de-ef78-40b02e994a10}.Debug|Any CPU.Build.0 = Debug|Any CPU
		{dd22fc67-2bf0-1445-9f74-1bf35c110e50}.Debug|Any CPU.ActiveCfg = Debug|Any CPU
		{dd22fc67-2bf0-1445-9f74-1bf35c110e50}.Debug|Any CPU.Build.0 = Debug|Any CPU
		{db037824-14be-9921-36f7-b94b93fdef09}.Debug|Any CPU.ActiveCfg = Debug|Any CPU
		{db037824-14be-9921-36f7-b94b93fdef09}.Debug|Any CPU.Build.0 = Debug|Any CPU
	EndGlobalSection
	GlobalSection(SolutionProperties) = preSolution
		HideSolutionNode = FALSE
	EndGlobalSection
EndGlobal
